
Microsoft Visual Studio Solution File, Format Version 12.00
# Visual Studio Version 16
VisualStudioVersion = 16.0.31613.86
MinimumVisualStudioVersion = 10.0.40219.1
Project("{FAE04EC0-301F-11D3-BF4B-00C04F79EFBC}") = "DependencyInjectionSample", "DependencyInjectionSample\DependencyInjectionSample.csproj", "{9C8DE339-F305-4E9A-AA69-427BDD49C004}"
EndProject
Project("{FAE04EC0-301F-11D3-BF4B-00C04F79EFBC}") = "DependencyInjectionSampleTest", "DependencyInjectionSampleTest\DependencyInjectionSampleTest.csproj", "{3230F93E-EF60-4E92-BC46-73818F07ACD5}"
EndProject
Global
	GlobalSection(SolutionConfigurationPlatforms) = preSolution
		Debug|Any CPU = Debug|Any CPU
		Release|Any CPU = Release|Any CPU
	EndGlobalSection
	GlobalSection(ProjectConfigurationPlatforms) = postSolution
		{9C8DE339-F305-4E9A-AA69-427BDD49C004}.Debug|Any CPU.ActiveCfg = Debug|Any CPU
		{9C8DE339-F305-4E9A-AA69-427BDD49C004}.Debug|Any CPU.Build.0 = Debug|Any CPU
		{9C8DE339-F305-4E9A-AA69-427BDD49C004}.Release|Any CPU.ActiveCfg = Release|Any CPU
		{9C8DE339-F305-4E9A-AA69-427BDD49C004}.Release|Any CPU.Build.0 = Release|Any CPU
		{3230F93E-EF60-4E92-BC46-73818F07ACD5}.Debug|Any CPU.ActiveCfg = Debug|Any CPU
		{3230F93E-EF60-4E92-BC46-73818F07ACD5}.Debug|Any CPU.Build.0 = Debug|Any CPU
		{3230F93E-EF60-4E92-BC46-73818F07ACD5}.Release|Any CPU.ActiveCfg = Release|Any CPU
		{3230F93E-EF60-4E92-BC46-73818F07ACD5}.Release|Any CPU.Build.0 = Release|Any CPU
	EndGlobalSection
	GlobalSection(SolutionProperties) = preSolution
		HideSolutionNode = FALSE
	EndGlobalSection
	GlobalSection(ExtensibilityGlobals) = postSolution
		SolutionGuid = {D93B7D01-D4BB-40D8-A810-C258D53F8784}
	EndGlobalSection
EndGlobal
